# This file is autogenerated, do not edit; changes may be undone by the next 'dep ensure'.


[[projects]]
  branch = "master"
  digest = "1:616d4da4f9898579c59f81a286df4cff227120fb535d7dc5892407cafa16c36e"
  name = "github.com/Soreil/arw"
  packages = ["."]
  pruneopts = "UT"
  revision = "c71045f5319bda67b77a8e5c43ecc3fbc4422229"

[[projects]]
  branch = "master"
  digest = "1:9c00ac4720d0bdcd35eaf4fed6a24a11220610714059db1f995dda3fb1bdbd8d"
  name = "github.com/bamiaux/rez"
  packages = ["."]
  pruneopts = "UT"
  revision = "29f4463c688b986c11f166b12734f69b58b5555f"

[[projects]]
  branch = "master"
  digest = "1:6b1aa21351815a41cfd9d1f6fd0cf3f6328b2dc0e427f74e23b30471b463ca55"
  name = "github.com/brett-lempereur/ish"
  packages = ["."]
  pruneopts = "UT"
  revision = "bbdc45bcf55de61b38b4108871199a117aecd1be"

[[projects]]
  branch = "master"
  digest = "1:8b4352b5f579e14cea4752fa72b80bee60e6dc0b725211da5c679c63ea06f811"
  name = "github.com/gonum/blas"
  packages = [
    ".",
    "blas64",
    "native",
    "native/internal/math32",
  ]
  pruneopts = "UT"
  revision = "f22b278b28ac9805aadd613a754a60c35b24ae69"

[[projects]]
  branch = "master"
  digest = "1:d1176d30bd3703900e4c6c64d0fb2acdcfa2a880b6cca404fe2a78972bdd5a7b"
  name = "github.com/gonum/floats"
  packages = ["."]
  pruneopts = "UT"
  revision = "c233463c7e827fd71a8cdb62dfda0e98f7c39ad5"

[[projects]]
  branch = "master"
  digest = "1:9de33a3238dd6f897a94925adafe0893714dbc335fcd06a12a83cf3ea537bd8a"
  name = "github.com/gonum/internal"
  packages = [
    "asm/f32",
    "asm/f64",
  ]
  pruneopts = "UT"
  revision = "f884aa71402950fb2796dbea0d5aa9ef9cfad8ca"

[[projects]]
  branch = "master"
  digest = "1:6dbded6cebec9d9733ceb4536e26b0e27338fab169f6bf98c4877ade32c62f46"
  name = "github.com/gonum/lapack"
  packages = [
    ".",
    "lapack64",
    "native",
  ]
  pruneopts = "UT"
  revision = "e4cdc5a0bff924bb10be88482e635bd40429f65e"

[[projects]]
  branch = "master"
  digest = "1:1c6083dc3f08ff798c226a98e6cf4ae209177695b49cabdd0f6621e814a59980"
  name = "github.com/gonum/matrix"
  packages = [
    ".",
    "mat64",
  ]
  pruneopts = "UT"
  revision = "c518dec07be9a636c38a4650e217be059b5952ec"

[[projects]]
  branch = "master"
  digest = "1:ccc5e6c1c6f6fb55a555c796f162738a5943106b8b715c6f464e0b30e6ff028d"
  name = "github.com/gotk3/gotk3"
  packages = [
    "cairo",
    "gdk",
    "glib",
    "gtk",
    "pango",
  ]
  pruneopts = "UT"
  revision = "8365021fde1a288ee37d4d7898b199fcb9f63f8e"

[[projects]]
  branch = "master"
  digest = "1:e9e9eda023bf74a1d1d730141ddde3df56aac7d0a330b5c4a5d8647c67735707"
  name = "github.com/nf/cr2"
  packages = ["."]
  pruneopts = "UT"
  revision = "4699471a17ed597dc2011a21e5b37335710afdea"

[[projects]]
  branch = "master"
  digest = "1:34534b73e925d20cc72cf202f8b482fdcbe3a1b113e19375f31aadabd0f0f97d"
  name = "github.com/nfnt/resize"
  packages = ["."]
  pruneopts = "UT"
  revision = "83c6a9932646f83e3267f353373d47347b6036b2"

[[projects]]
  digest = "1:5ca4bdccd72e66aaba5b52f9c4a21f1021102f0919432fe138ad5d48abf06833"
  name = "github.com/steakknife/hamming"
  packages = ["."]
  pruneopts = "UT"
  revision = "003c143a81c25ea5e263d692919c611c7122ae6b"
  version = "0.2.5"

[[projects]]
  branch = "master"
  digest = "1:c1a20bf654f297fc5fdb4a7774b1d4a408e01d236ae336de375667e2718122f5"
  name = "golang.org/x/image"
  packages = [
    "bmp",
    "riff",
    "tiff",
    "tiff/lzw",
    "vp8",
    "vp8l",
    "webp",
  ]
  pruneopts = "UT"
  revision = "61b8692d9a5c9886248d7f96e0ba50ad77baab4c"

[solve-meta]
  analyzer-name = "dep"
  analyzer-version = 1
  input-imports = [
    "github.com/Soreil/arw",
    "github.com/brett-lempereur/ish",
    "github.com/nf/cr2",
  ]
  solver-name = "gps-cdcl"
  solver-version = 1
